// !$*UTF8*$!
{
	archiveVersion = 1;
	classes = {
	};
	objectVersion = 48;
	objects = {

/* Begin PBXBuildFile section */
		B90FACB91FE6A5960039D462 /* AVFoundation.framework in Frameworks */ = {isa = PBXBuildFile; fileRef = B90FACB81FE6A58E0039D462 /* AVFoundation.framework */; };
		B90FACBB1FE6A5A70039D462 /* VideoToolbox.framework in Frameworks */ = {isa = PBXBuildFile; fileRef = B90FACBA1FE6A59F0039D462 /* VideoToolbox.framework */; };
		B93552B51FEE8ED900AD2DAF /* libz.tbd in Frameworks */ = {isa = PBXBuildFile; fileRef = B93552B41FEE8ED900AD2DAF /* libz.tbd */; };
		B94C396126A98B85A6EFB768 /* Pods_JLStream.framework in Frameworks */ = {isa = PBXBuildFile; fileRef = F2BF54A987AF1402A41C5BD9 /* Pods_JLStream.framework */; };
		B9D407C81FE5158C0059104D /* AppDelegate.swift in Sources */ = {isa = PBXBuildFile; fileRef = B9D407C71FE5158C0059104D /* AppDelegate.swift */; };
		B9D407CA1FE5158C0059104D /* ViewController.swift in Sources */ = {isa = PBXBuildFile; fileRef = B9D407C91FE5158C0059104D /* ViewController.swift */; };
		B9D407CD1FE5158C0059104D /* Main.storyboard in Resources */ = {isa = PBXBuildFile; fileRef = B9D407CB1FE5158C0059104D /* Main.storyboard */; };
		B9D407CF1FE5158C0059104D /* Assets.xcassets in Resources */ = {isa = PBXBuildFile; fileRef = B9D407CE1FE5158C0059104D /* Assets.xcassets */; };
		B9D407D21FE5158C0059104D /* LaunchScreen.storyboard in Resources */ = {isa = PBXBuildFile; fileRef = B9D407D01FE5158C0059104D /* LaunchScreen.storyboard */; };
		B9D407DD1FE51CAD0059104D /* JLStreamManager.swift in Sources */ = {isa = PBXBuildFile; fileRef = B9D407DC1FE51CAD0059104D /* JLStreamManager.swift */; };
		B9D407DF1FE51F3C0059104D /* JLStreamVideoCapturer.swift in Sources */ = {isa = PBXBuildFile; fileRef = B9D407DE1FE51F3C0059104D /* JLStreamVideoCapturer.swift */; };
		B9D407E11FE51F670059104D /* JLStreamAudioCapturer.swift in Sources */ = {isa = PBXBuildFile; fileRef = B9D407E01FE51F670059104D /* JLStreamAudioCapturer.swift */; };
		B9D407E31FE51FAE0059104D /* JLStreamDataEncoder.swift in Sources */ = {isa = PBXBuildFile; fileRef = B9D407E21FE51FAE0059104D /* JLStreamDataEncoder.swift */; };
		B9D407E51FE5200A0059104D /* JLStreamRTMPEngine.swift in Sources */ = {isa = PBXBuildFile; fileRef = B9D407E41FE5200A0059104D /* JLStreamRTMPEngine.swift */; };
		B9DB10561FEE86F80088DFD3 /* librtmp.framework in Frameworks */ = {isa = PBXBuildFile; fileRef = B9DB10541FEE86F70088DFD3 /* librtmp.framework */; };
		B9DB10571FEE86F80088DFD3 /* openssl.framework in Frameworks */ = {isa = PBXBuildFile; fileRef = B9DB10551FEE86F80088DFD3 /* openssl.framework */; };
/* End PBXBuildFile section */

/* Begin PBXFileReference section */
		A4D63E5911C7EDB2E1BEA63E /* Pods-JLStream.debug.xcconfig */ = {isa = PBXFileReference; includeInIndex = 1; lastKnownFileType = text.xcconfig; name = "Pods-JLStream.debug.xcconfig"; path = "Pods/Target Support Files/Pods-JLStream/Pods-JLStream.debug.xcconfig"; sourceTree = "<group>"; };
		B90FACB81FE6A58E0039D462 /* AVFoundation.framework */ = {isa = PBXFileReference; lastKnownFileType = wrapper.framework; name = AVFoundation.framework; path = System/Library/Frameworks/AVFoundation.framework; sourceTree = SDKROOT; };
		B90FACBA1FE6A59F0039D462 /* VideoToolbox.framework */ = {isa = PBXFileReference; lastKnownFileType = wrapper.framework; name = VideoToolbox.framework; path = System/Library/Frameworks/VideoToolbox.framework; sourceTree = SDKROOT; };
		B93552B41FEE8ED900AD2DAF /* libz.tbd */ = {isa = PBXFileReference; lastKnownFileType = "sourcecode.text-based-dylib-definition"; name = libz.tbd; path = usr/lib/libz.tbd; sourceTree = SDKROOT; };
		B9D407C41FE5158C0059104D /* JLStream.app */ = {isa = PBXFileReference; explicitFileType = wrapper.application; includeInIndex = 0; path = JLStream.app; sourceTree = BUILT_PRODUCTS_DIR; };
		B9D407C71FE5158C0059104D /* AppDelegate.swift */ = {isa = PBXFileReference; lastKnownFileType = sourcecode.swift; path = AppDelegate.swift; sourceTree = "<group>"; };
		B9D407C91FE5158C0059104D /* ViewController.swift */ = {isa = PBXFileReference; lastKnownFileType = sourcecode.swift; path = ViewController.swift; sourceTree = "<group>"; };
		B9D407CC1FE5158C0059104D /* Base */ = {isa = PBXFileReference; lastKnownFileType = file.storyboard; name = Base; path = Base.lproj/Main.storyboard; sourceTree = "<group>"; };
		B9D407CE1FE5158C0059104D /* Assets.xcassets */ = {isa = PBXFileReference; lastKnownFileType = folder.assetcatalog; path = Assets.xcassets; sourceTree = "<group>"; };
		B9D407D11FE5158C0059104D /* Base */ = {isa = PBXFileReference; lastKnownFileType = file.storyboard; name = Base; path = Base.lproj/LaunchScreen.storyboard; sourceTree = "<group>"; };
		B9D407D31FE5158C0059104D /* Info.plist */ = {isa = PBXFileReference; lastKnownFileType = text.plist.xml; path = Info.plist; sourceTree = "<group>"; };
		B9D407DC1FE51CAD0059104D /* JLStreamManager.swift */ = {isa = PBXFileReference; fileEncoding = 4; lastKnownFileType = sourcecode.swift; path = JLStreamManager.swift; sourceTree = "<group>"; };
		B9D407DE1FE51F3C0059104D /* JLStreamVideoCapturer.swift */ = {isa = PBXFileReference; lastKnownFileType = sourcecode.swift; path = JLStreamVideoCapturer.swift; sourceTree = "<group>"; };
		B9D407E01FE51F670059104D /* JLStreamAudioCapturer.swift */ = {isa = PBXFileReference; lastKnownFileType = sourcecode.swift; path = JLStreamAudioCapturer.swift; sourceTree = "<group>"; };
		B9D407E21FE51FAE0059104D /* JLStreamDataEncoder.swift */ = {isa = PBXFileReference; lastKnownFileType = sourcecode.swift; path = JLStreamDataEncoder.swift; sourceTree = "<group>"; };
		B9D407E41FE5200A0059104D /* JLStreamRTMPEngine.swift */ = {isa = PBXFileReference; lastKnownFileType = sourcecode.swift; path = JLStreamRTMPEngine.swift; sourceTree = "<group>"; };
		B9DB104F1FEE79420088DFD3 /* openssl.framework */ = {isa = PBXFileReference; lastKnownFileType = wrapper.framework; name = openssl.framework; path = "../../../../Downloads/OpenSSL-for-iPhone/openssl.framework"; sourceTree = "<group>"; };
		B9DB10541FEE86F70088DFD3 /* librtmp.framework */ = {isa = PBXFileReference; lastKnownFileType = wrapper.framework; path = librtmp.framework; sourceTree = "<group>"; };
		B9DB10551FEE86F80088DFD3 /* openssl.framework */ = {isa = PBXFileReference; lastKnownFileType = wrapper.framework; path = openssl.framework; sourceTree = "<group>"; };
		B9DB10581FEE87E50088DFD3 /* Bridging-Header.h */ = {isa = PBXFileReference; lastKnownFileType = sourcecode.c.h; path = "Bridging-Header.h"; sourceTree = "<group>"; };
		C7D9A9C7E5CC6191AC48D88A /* Pods-JLStream.release.xcconfig */ = {isa = PBXFileReference; includeInIndex = 1; lastKnownFileType = text.xcconfig; name = "Pods-JLStream.release.xcconfig"; path = "Pods/Target Support Files/Pods-JLStream/Pods-JLStream.release.xcconfig"; sourceTree = "<group>"; };
		F2BF54A987AF1402A41C5BD9 /* Pods_JLStream.framework */ = {isa = PBXFileReference; explicitFileType = wrapper.framework; includeInIndex = 0; path = Pods_JLStream.framework; sourceTree = BUILT_PRODUCTS_DIR; };
/* End PBXFileReference section */

/* Begin PBXFrameworksBuildPhase section */
		B9D407C11FE5158C0059104D /* Frameworks */ = {
			isa = PBXFrameworksBuildPhase;
			buildActionMask = 2147483647;
			files = (
				B9DB10571FEE86F80088DFD3 /* openssl.framework in Frameworks */,
				B93552B51FEE8ED900AD2DAF /* libz.tbd in Frameworks */,
				B90FACBB1FE6A5A70039D462 /* VideoToolbox.framework in Frameworks */,
				B90FACB91FE6A5960039D462 /* AVFoundation.framework in Frameworks */,
				B94C396126A98B85A6EFB768 /* Pods_JLStream.framework in Frameworks */,
				B9DB10561FEE86F80088DFD3 /* librtmp.framework in Frameworks */,
			);
			runOnlyForDeploymentPostprocessing = 0;
		};
/* End PBXFrameworksBuildPhase section */

/* Begin PBXGroup section */
		052989357606F52A2675E211 /* Frameworks */ = {
			isa = PBXGroup;
			children = (
				B93552B41FEE8ED900AD2DAF /* libz.tbd */,
				B9DB104F1FEE79420088DFD3 /* openssl.framework */,
				B90FACBA1FE6A59F0039D462 /* VideoToolbox.framework */,
				B90FACB81FE6A58E0039D462 /* AVFoundation.framework */,
				F2BF54A987AF1402A41C5BD9 /* Pods_JLStream.framework */,
			);
			name = Frameworks;
			sourceTree = "<group>";
		};
		1A36288AC8CB7A07F7D146D2 /* Pods */ = {
			isa = PBXGroup;
			children = (
				A4D63E5911C7EDB2E1BEA63E /* Pods-JLStream.debug.xcconfig */,
				C7D9A9C7E5CC6191AC48D88A /* Pods-JLStream.release.xcconfig */,
			);
			name = Pods;
			sourceTree = "<group>";
		};
		B9D407BB1FE5158C0059104D = {
			isa = PBXGroup;
			children = (
				B9DB10581FEE87E50088DFD3 /* Bridging-Header.h */,
				B9DB10541FEE86F70088DFD3 /* librtmp.framework */,
				B9DB10551FEE86F80088DFD3 /* openssl.framework */,
				B9D407C61FE5158C0059104D /* JLStream */,
				B9D407C51FE5158C0059104D /* Products */,
				1A36288AC8CB7A07F7D146D2 /* Pods */,
				052989357606F52A2675E211 /* Frameworks */,
			);
			sourceTree = "<group>";
		};
		B9D407C51FE5158C0059104D /* Products */ = {
			isa = PBXGroup;
			children = (
				B9D407C41FE5158C0059104D /* JLStream.app */,
			);
			name = Products;
			sourceTree = "<group>";
		};
		B9D407C61FE5158C0059104D /* JLStream */ = {
			isa = PBXGroup;
			children = (
				B9D407DB1FE51CAD0059104D /* Stream */,
				B9D407C71FE5158C0059104D /* AppDelegate.swift */,
				B9D407C91FE5158C0059104D /* ViewController.swift */,
				B9D407CB1FE5158C0059104D /* Main.storyboard */,
				B9D407CE1FE5158C0059104D /* Assets.xcassets */,
				B9D407D01FE5158C0059104D /* LaunchScreen.storyboard */,
				B9D407D31FE5158C0059104D /* Info.plist */,
			);
			path = JLStream;
			sourceTree = "<group>";
		};
		B9D407DB1FE51CAD0059104D /* Stream */ = {
			isa = PBXGroup;
			children = (
				B9D407DC1FE51CAD0059104D /* JLStreamManager.swift */,
				B9D407DE1FE51F3C0059104D /* JLStreamVideoCapturer.swift */,
				B9D407E01FE51F670059104D /* JLStreamAudioCapturer.swift */,
				B9D407E21FE51FAE0059104D /* JLStreamDataEncoder.swift */,
				B9D407E41FE5200A0059104D /* JLStreamRTMPEngine.swift */,
			);
			path = Stream;
			sourceTree = "<group>";
		};
/* End PBXGroup section */

/* Begin PBXNativeTarget section */
		B9D407C31FE5158C0059104D /* JLStream */ = {
			isa = PBXNativeTarget;
			buildConfigurationList = B9D407D61FE5158C0059104D /* Build configuration list for PBXNativeTarget "JLStream" */;
			buildPhases = (
				E59C148C448A5AC6D32F2581 /* [CP] Check Pods Manifest.lock */,
				B9D407C01FE5158C0059104D /* Sources */,
				B9D407C11FE5158C0059104D /* Frameworks */,
				B9D407C21FE5158C0059104D /* Resources */,
				412407DB7F830D858242AFD5 /* [CP] Embed Pods Frameworks */,
				19AC186845F2BD3A6F0E3562 /* [CP] Copy Pods Resources */,
			);
			buildRules = (
			);
			dependencies = (
			);
			name = JLStream;
			productName = JLStream;
			productReference = B9D407C41FE5158C0059104D /* JLStream.app */;
			productType = "com.apple.product-type.application";
		};
/* End PBXNativeTarget section */

/* Begin PBXProject section */
		B9D407BC1FE5158C0059104D /* Project object */ = {
			isa = PBXProject;
			attributes = {
				LastSwiftUpdateCheck = 0910;
				LastUpgradeCheck = 0910;
				ORGANIZATIONNAME = "Junliang Song";
				TargetAttributes = {
					B9D407C31FE5158C0059104D = {
						CreatedOnToolsVersion = 9.1;
						ProvisioningStyle = Automatic;
					};
				};
			};
			buildConfigurationList = B9D407BF1FE5158C0059104D /* Build configuration list for PBXProject "JLStream" */;
			compatibilityVersion = "Xcode 8.0";
			developmentRegion = en;
			hasScannedForEncodings = 0;
			knownRegions = (
				en,
				Base,
			);
			mainGroup = B9D407BB1FE5158C0059104D;
			productRefGroup = B9D407C51FE5158C0059104D /* Products */;
			projectDirPath = "";
			projectRoot = "";
			targets = (
				B9D407C31FE5158C0059104D /* JLStream */,
			);
		};
/* End PBXProject section */

/* Begin PBXResourcesBuildPhase section */
		B9D407C21FE5158C0059104D /* Resources */ = {
			isa = PBXResourcesBuildPhase;
			buildActionMask = 2147483647;
			files = (
				B9D407D21FE5158C0059104D /* LaunchScreen.storyboard in Resources */,
				B9D407CF1FE5158C0059104D /* Assets.xcassets in Resources */,
				B9D407CD1FE5158C0059104D /* Main.storyboard in Resources */,
			);
			runOnlyForDeploymentPostprocessing = 0;
		};
/* End PBXResourcesBuildPhase section */

/* Begin PBXShellScriptBuildPhase section */
		19AC186845F2BD3A6F0E3562 /* [CP] Copy Pods Resources */ = {
			isa = PBXShellScriptBuildPhase;
			buildActionMask = 2147483647;
			files = (
			);
			inputPaths = (
			);
			name = "[CP] Copy Pods Resources";
			outputPaths = (
			);
			runOnlyForDeploymentPostprocessing = 0;
			shellPath = /bin/sh;
			shellScript = "\"${SRCROOT}/Pods/Target Support Files/Pods-JLStream/Pods-JLStream-resources.sh\"\n";
			showEnvVarsInLog = 0;
		};
		412407DB7F830D858242AFD5 /* [CP] Embed Pods Frameworks */ = {
			isa = PBXShellScriptBuildPhase;
			buildActionMask = 2147483647;
			files = (
			);
			inputPaths = (
				"${SRCROOT}/Pods/Target Support Files/Pods-JLStream/Pods-JLStream-frameworks.sh",
				"${BUILT_PRODUCTS_DIR}/AFNetworking/AFNetworking.framework",
				"${BUILT_PRODUCTS_DIR}/AliyunOSSiOS/AliyunOSSiOS.framework",
				"${BUILT_PRODUCTS_DIR}/IAMediaRecorder/IAMediaRecorder.framework",
				"${BUILT_PRODUCTS_DIR}/MBProgressHUD/MBProgressHUD.framework",
				"${BUILT_PRODUCTS_DIR}/Realm/Realm.framework",
			);
			name = "[CP] Embed Pods Frameworks";
			outputPaths = (
				"${TARGET_BUILD_DIR}/${FRAMEWORKS_FOLDER_PATH}/AFNetworking.framework",
				"${TARGET_BUILD_DIR}/${FRAMEWORKS_FOLDER_PATH}/AliyunOSSiOS.framework",
				"${TARGET_BUILD_DIR}/${FRAMEWORKS_FOLDER_PATH}/IAMediaRecorder.framework",
				"${TARGET_BUILD_DIR}/${FRAMEWORKS_FOLDER_PATH}/MBProgressHUD.framework",
				"${TARGET_BUILD_DIR}/${FRAMEWORKS_FOLDER_PATH}/Realm.framework",
			);
			runOnlyForDeploymentPostprocessing = 0;
			shellPath = /bin/sh;
			shellScript = "\"${SRCROOT}/Pods/Target Support Files/Pods-JLStream/Pods-JLStream-frameworks.sh\"\n";
			showEnvVarsInLog = 0;
		};
		E59C148C448A5AC6D32F2581 /* [CP] Check Pods Manifest.lock */ = {
			isa = PBXShellScriptBuildPhase;
			buildActionMask = 2147483647;
			files = (
			);
			inputPaths = (
				"${PODS_PODFILE_DIR_PATH}/Podfile.lock",
				"${PODS_ROOT}/Manifest.lock",
			);
			name = "[CP] Check Pods Manifest.lock";
			outputPaths = (
				"$(DERIVED_FILE_DIR)/Pods-JLStream-checkManifestLockResult.txt",
			);
			runOnlyForDeploymentPostprocessing = 0;
			shellPath = /bin/sh;
			shellScript = "diff \"${PODS_PODFILE_DIR_PATH}/Podfile.lock\" \"${PODS_ROOT}/Manifest.lock\" > /dev/null\nif [ $? != 0 ] ; then\n    # print error to STDERR\n    echo \"error: The sandbox is not in sync with the Podfile.lock. Run 'pod install' or update your CocoaPods installation.\" >&2\n    exit 1\nfi\n# This output is used by Xcode 'outputs' to avoid re-running this script phase.\necho \"SUCCESS\" > \"${SCRIPT_OUTPUT_FILE_0}\"\n";
			showEnvVarsInLog = 0;
		};
/* End PBXShellScriptBuildPhase section */

/* Begin PBXSourcesBuildPhase section */
		B9D407C01FE5158C0059104D /* Sources */ = {
			isa = PBXSourcesBuildPhase;
			buildActionMask = 2147483647;
			files = (
				B9D407E31FE51FAE0059104D /* JLStreamDataEncoder.swift in Sources */,
				B9D407E11FE51F670059104D /* JLStreamAudioCapturer.swift in Sources */,
				B9D407DD1FE51CAD0059104D /* JLStreamManager.swift in Sources */,
				B9D407DF1FE51F3C0059104D /* JLStreamVideoCapturer.swift in Sources */,
				B9D407CA1FE5158C0059104D /* ViewController.swift in Sources */,
				B9D407C81FE5158C0059104D /* AppDelegate.swift in Sources */,
				B9D407E51FE5200A0059104D /* JLStreamRTMPEngine.swift in Sources */,
			);
			runOnlyForDeploymentPostprocessing = 0;
		};
/* End PBXSourcesBuildPhase section */

/* Begin PBXVariantGroup section */
		B9D407CB1FE5158C0059104D /* Main.storyboard */ = {
			isa = PBXVariantGroup;
			children = (
				B9D407CC1FE5158C0059104D /* Base */,
			);
			name = Main.storyboard;
			sourceTree = "<group>";
		};
		B9D407D01FE5158C0059104D /* LaunchScreen.storyboard */ = {
			isa = PBXVariantGroup;
			children = (
				B9D407D11FE5158C0059104D /* Base */,
			);
			name = LaunchScreen.storyboard;
			sourceTree = "<group>";
		};
/* End PBXVariantGroup section */

/* Begin XCBuildConfiguration section */
		B9D407D41FE5158C0059104D /* Debug */ = {
			isa = XCBuildConfiguration;
			buildSettings = {
				ALWAYS_SEARCH_USER_PATHS = NO;
				CLANG_ANALYZER_NONNULL = YES;
				CLANG_ANALYZER_NUMBER_OBJECT_CONVERSION = YES_AGGRESSIVE;
				CLANG_CXX_LANGUAGE_STANDARD = "gnu++14";
				CLANG_CXX_LIBRARY = "libc++";
				CLANG_ENABLE_MODULES = YES;
				CLANG_ENABLE_OBJC_ARC = YES;
				CLANG_WARN_BLOCK_CAPTURE_AUTORELEASING = YES;
				CLANG_WARN_BOOL_CONVERSION = YES;
				CLANG_WARN_COMMA = YES;
				CLANG_WARN_CONSTANT_CONVERSION = YES;
				CLANG_WARN_DIRECT_OBJC_ISA_USAGE = YES_ERROR;
				CLANG_WARN_DOCUMENTATION_COMMENTS = YES;
				CLANG_WARN_EMPTY_BODY = YES;
				CLANG_WARN_ENUM_CONVERSION = YES;
				CLANG_WARN_INFINITE_RECURSION = YES;
				CLANG_WARN_INT_CONVERSION = YES;
				CLANG_WARN_NON_LITERAL_NULL_CONVERSION = YES;
				CLANG_WARN_OBJC_LITERAL_CONVERSION = YES;
				CLANG_WARN_OBJC_ROOT_CLASS = YES_ERROR;
				CLANG_WARN_RANGE_LOOP_ANALYSIS = YES;
				CLANG_WARN_STRICT_PROTOTYPES = YES;
				CLANG_WARN_SUSPICIOUS_MOVE = YES;
				CLANG_WARN_UNGUARDED_AVAILABILITY = YES_AGGRESSIVE;
				CLANG_WARN_UNREACHABLE_CODE = YES;
				CLANG_WARN__DUPLICATE_METHOD_MATCH = YES;
				CODE_SIGN_IDENTITY = "iPhone Developer";
				COPY_PHASE_STRIP = NO;
				DEBUG_INFORMATION_FORMAT = dwarf;
				ENABLE_STRICT_OBJC_MSGSEND = YES;
				ENABLE_TESTABILITY = YES;
				GCC_C_LANGUAGE_STANDARD = gnu11;
				GCC_DYNAMIC_NO_PIC = NO;
				GCC_NO_COMMON_BLOCKS = YES;
				GCC_OPTIMIZATION_LEVEL = 0;
				GCC_PREPROCESSOR_DEFINITIONS = (
					"DEBUG=1",
					"$(inherited)",
				);
				GCC_WARN_64_TO_32_BIT_CONVERSION = YES;
				GCC_WARN_ABOUT_RETURN_TYPE = YES_ERROR;
				GCC_WARN_UNDECLARED_SELECTOR = YES;
				GCC_WARN_UNINITIALIZED_AUTOS = YES_AGGRESSIVE;
				GCC_WARN_UNUSED_FUNCTION = YES;
				GCC_WARN_UNUSED_VARIABLE = YES;
				IPHONEOS_DEPLOYMENT_TARGET = 11.1;
				MTL_ENABLE_DEBUG_INFO = YES;
				ONLY_ACTIVE_ARCH = YES;
				SDKROOT = iphoneos;
				SWIFT_ACTIVE_COMPILATION_CONDITIONS = DEBUG;
				SWIFT_OPTIMIZATION_LEVEL = "-Onone";
			};
			name = Debug;
		};
		B9D407D51FE5158C0059104D /* Release */ = {
			isa = XCBuildConfiguration;
			buildSettings = {
				ALWAYS_SEARCH_USER_PATHS = NO;
				CLANG_ANALYZER_NONNULL = YES;
				CLANG_ANALYZER_NUMBER_OBJECT_CONVERSION = YES_AGGRESSIVE;
				CLANG_CXX_LANGUAGE_STANDARD = "gnu++14";
				CLANG_CXX_LIBRARY = "libc++";
				CLANG_ENABLE_MODULES = YES;
				CLANG_ENABLE_OBJC_ARC = YES;
				CLANG_WARN_BLOCK_CAPTURE_AUTORELEASING = YES;
				CLANG_WARN_BOOL_CONVERSION = YES;
				CLANG_WARN_COMMA = YES;
				CLANG_WARN_CONSTANT_CONVERSION = YES;
				CLANG_WARN_DIRECT_OBJC_ISA_USAGE = YES_ERROR;
				CLANG_WARN_DOCUMENTATION_COMMENTS = YES;
				CLANG_WARN_EMPTY_BODY = YES;
				CLANG_WARN_ENUM_CONVERSION = YES;
				CLANG_WARN_INFINITE_RECURSION = YES;
				CLANG_WARN_INT_CONVERSION = YES;
				CLANG_WARN_NON_LITERAL_NULL_CONVERSION = YES;
				CLANG_WARN_OBJC_LITERAL_CONVERSION = YES;
				CLANG_WARN_OBJC_ROOT_CLASS = YES_ERROR;
				CLANG_WARN_RANGE_LOOP_ANALYSIS = YES;
				CLANG_WARN_STRICT_PROTOTYPES = YES;
				CLANG_WARN_SUSPICIOUS_MOVE = YES;
				CLANG_WARN_UNGUARDED_AVAILABILITY = YES_AGGRESSIVE;
				CLANG_WARN_UNREACHABLE_CODE = YES;
				CLANG_WARN__DUPLICATE_METHOD_MATCH = YES;
				CODE_SIGN_IDENTITY = "iPhone Developer";
				COPY_PHASE_STRIP = NO;
				DEBUG_INFORMATION_FORMAT = "dwarf-with-dsym";
				ENABLE_NS_ASSERTIONS = NO;
				ENABLE_STRICT_OBJC_MSGSEND = YES;
				GCC_C_LANGUAGE_STANDARD = gnu11;
				GCC_NO_COMMON_BLOCKS = YES;
				GCC_WARN_64_TO_32_BIT_CONVERSION = YES;
				GCC_WARN_ABOUT_RETURN_TYPE = YES_ERROR;
				GCC_WARN_UNDECLARED_SELECTOR = YES;
				GCC_WARN_UNINITIALIZED_AUTOS = YES_AGGRESSIVE;
				GCC_WARN_UNUSED_FUNCTION = YES;
				GCC_WARN_UNUSED_VARIABLE = YES;
				IPHONEOS_DEPLOYMENT_TARGET = 11.1;
				MTL_ENABLE_DEBUG_INFO = NO;
				SDKROOT = iphoneos;
				SWIFT_OPTIMIZATION_LEVEL = "-Owholemodule";
				VALIDATE_PRODUCT = YES;
			};
			name = Release;
		};
		B9D407D71FE5158C0059104D /* Debug */ = {
			isa = XCBuildConfiguration;
			baseConfigurationReference = A4D63E5911C7EDB2E1BEA63E /* Pods-JLStream.debug.xcconfig */;
			buildSettings = {
				ASSETCATALOG_COMPILER_APPICON_NAME = AppIcon;
				CODE_SIGN_STYLE = Automatic;
				DEVELOPMENT_TEAM = 555BPZM993;
				ENABLE_BITCODE = NO;
				FRAMEWORK_SEARCH_PATHS = (
					"$(inherited)",
					"$(PROJECT_DIR)",
				);
				INFOPLIST_FILE = JLStream/Info.plist;
				IPHONEOS_DEPLOYMENT_TARGET = 9.0;
				LD_RUNPATH_SEARCH_PATHS = "$(inherited) @executable_path/Frameworks";
				PRODUCT_BUNDLE_IDENTIFIER = com.julian.JLStream;
				PRODUCT_NAME = "$(TARGET_NAME)";
				SWIFT_OBJC_BRIDGING_HEADER = "$(PROJECT_DIR)/Bridging-Header.h";
				SWIFT_VERSION = 4.0;
				TARGETED_DEVICE_FAMILY = "1,2";
			};
			name = Debug;
		};
		B9D407D81FE5158C0059104D /* Release */ = {
			isa = XCBuildConfiguration;
			baseConfigurationReference = C7D9A9C7E5CC6191AC48D88A /* Pods-JLStream.release.xcconfig */;
			buildSettings = {
				ASSETCATALOG_COMPILER_APPICON_NAME = AppIcon;
				CODE_SIGN_STYLE = Automatic;
				DEVELOPMENT_TEAM = 555BPZM993;
				ENABLE_BITCODE = NO;
				FRAMEWORK_SEARCH_PATHS = (
					"$(inherited)",
					"$(PROJECT_DIR)",
				);
				INFOPLIST_FILE = JLStream/Info.plist;
				IPHONEOS_DEPLOYMENT_TARGET = 9.0;
				LD_RUNPATH_SEARCH_PATHS = "$(inherited) @executable_path/Frameworks";
				PRODUCT_BUNDLE_IDENTIFIER = com.julian.JLStream;
				PRODUCT_NAME = "$(TARGET_NAME)";
				SWIFT_OBJC_BRIDGING_HEADER = "$(PROJECT_DIR)/Bridging-Header.h";
				SWIFT_VERSION = 4.0;
				TARGETED_DEVICE_FAMILY = "1,2";
			};
			name = Release;
		};
/* End XCBuildConfiguration section */

/* Begin XCConfigurationList section */
		B9D407BF1FE5158C0059104D /* Build configuration list for PBXProject "JLStream" */ = {
			isa = XCConfigurationList;
			buildConfigurations = (
				B9D407D41FE5158C0059104D /* Debug */,
				B9D407D51FE5158C0059104D /* Release */,
			);
			defaultConfigurationIsVisible = 0;
			defaultConfigurationName = Release;
		};
		B9D407D61FE5158C0059104D /* Build configuration list for PBXNativeTarget "JLStream" */ = {
			isa = XCConfigurationList;
			buildConfigurations = (
				B9D407D71FE5158C0059104D /* Debug */,
				B9D407D81FE5158C0059104D /* Release */,
			);
			defaultConfigurationIsVisible = 0;
			defaultConfigurationName = Release;
		};
/* End XCConfigurationList section */
	};
	rootObject = B9D407BC1FE5158C0059104D /* Project object */;
}
